
Microsoft Visual Studio Solution File, Format Version 12.00
# Visual Studio Version 16
VisualStudioVersion = 16.0.29519.87
MinimumVisualStudioVersion = 10.0.40219.1
Project("{9A19103F-16F7-4668-BE54-9A1E7A4F7556}") = "WeatherApp", "WeatherApp.csproj", "{8346EEF6-C52A-4466-808F-D0466491A829}"
EndProject
Global
	GlobalSection(SolutionConfigurationPlatforms) = preSolution
		Debug|Any CPU = Debug|Any CPU
		Release|Any CPU = Release|Any CPU
	EndGlobalSection
	GlobalSection(ProjectConfigurationPlatforms) = postSolution
		{8346EEF6-C52A-4466-808F-D0466491A829}.Debug|Any CPU.ActiveCfg = Debug|Any CPU
		{8346EEF6-C52A-4466-808F-D0466491A829}.Debug|Any CPU.Build.0 = Debug|Any CPU
		{8346EEF6-C52A-4466-808F-D0466491A829}.Release|Any CPU.ActiveCfg = Release|Any CPU
		{8346EEF6-C52A-4466-808F-D0466491A829}.Release|Any CPU.Build.0 = Release|Any CPU
	EndGlobalSection
	GlobalSection(SolutionProperties) = preSolution
		HideSolutionNode = FALSE
	EndGlobalSection
	GlobalSection(ExtensibilityGlobals) = postSolution
		SolutionGuid = {F3E08BC1-3A49-4661-A665-971F5C85B00A}
	EndGlobalSection
EndGlobal
